
Microsoft Visual Studio Solution File, Format Version 12.00
# Visual Studio Version 16
VisualStudioVersion = 16.0.30611.23
MinimumVisualStudioVersion = 10.0.40219.1
Project("{FAE04EC0-301F-11D3-BF4B-00C04F79EFBC}") = "TodosApp", "TodosApp\TodosApp.csproj", "{582EEDCA-3980-43C7-9768-672D279ED5F3}"
EndProject
Project("{FAE04EC0-301F-11D3-BF4B-00C04F79EFBC}") = "Data", "Data\Data.csproj", "{65357AB7-3A3B-4A11-B93E-1F78101F2DEC}"
EndProject
Project("{FAE04EC0-301F-11D3-BF4B-00C04F79EFBC}") = "Logic", "Logic\Logic.csproj", "{B8EBD65D-4C0B-4CC1-9321-F56DE96053DC}"
EndProject
Global
	GlobalSection(SolutionConfigurationPlatforms) = preSolution
		Debug|Any CPU = Debug|Any CPU
		Release|Any CPU = Release|Any CPU
	EndGlobalSection
	GlobalSection(ProjectConfigurationPlatforms) = postSolution
		{582EEDCA-3980-43C7-9768-672D279ED5F3}.Debug|Any CPU.ActiveCfg = Debug|Any CPU
		{582EEDCA-3980-43C7-9768-672D279ED5F3}.Debug|Any CPU.Build.0 = Debug|Any CPU
		{582EEDCA-3980-43C7-9768-672D279ED5F3}.Release|Any CPU.ActiveCfg = Release|Any CPU
		{582EEDCA-3980-43C7-9768-672D279ED5F3}.Release|Any CPU.Build.0 = Release|Any CPU
		{65357AB7-3A3B-4A11-B93E-1F78101F2DEC}.Debug|Any CPU.ActiveCfg = Debug|Any CPU
		{65357AB7-3A3B-4A11-B93E-1F78101F2DEC}.Debug|Any CPU.Build.0 = Debug|Any CPU
		{65357AB7-3A3B-4A11-B93E-1F78101F2DEC}.Release|Any CPU.ActiveCfg = Release|Any CPU
		{65357AB7-3A3B-4A11-B93E-1F78101F2DEC}.Release|Any CPU.Build.0 = Release|Any CPU
		{B8EBD65D-4C0B-4CC1-9321-F56DE96053DC}.Debug|Any CPU.ActiveCfg = Debug|Any CPU
		{B8EBD65D-4C0B-4CC1-9321-F56DE96053DC}.Debug|Any CPU.Build.0 = Debug|Any CPU
		{B8EBD65D-4C0B-4CC1-9321-F56DE96053DC}.Release|Any CPU.ActiveCfg = Release|Any CPU
		{B8EBD65D-4C0B-4CC1-9321-F56DE96053DC}.Release|Any CPU.Build.0 = Release|Any CPU
	EndGlobalSection
	GlobalSection(SolutionProperties) = preSolution
		HideSolutionNode = FALSE
	EndGlobalSection
	GlobalSection(ExtensibilityGlobals) = postSolution
		SolutionGuid = {90AB9857-A11F-4C1C-95E0-CD40A1B613D1}
	EndGlobalSection
EndGlobal
